// !$*UTF8*$!
{
	archiveVersion = 1;
	classes = {
	};
	objectVersion = 46;
	objects = {

/* Begin PBXBuildFile section */
		E2677B551EA43B4900210B7A /* main.m in Sources */ = {isa = PBXBuildFile; fileRef = E2677B541EA43B4900210B7A /* main.m */; };
		E2677B581EA43B4900210B7A /* AppDelegate.m in Sources */ = {isa = PBXBuildFile; fileRef = E2677B571EA43B4900210B7A /* AppDelegate.m */; };
		E2677B5A1EA43B4900210B7A /* GameScene.sks in Resources */ = {isa = PBXBuildFile; fileRef = E2677B591EA43B4900210B7A /* GameScene.sks */; };
		E2677B5C1EA43B4900210B7A /* Actions.sks in Resources */ = {isa = PBXBuildFile; fileRef = E2677B5B1EA43B4900210B7A /* Actions.sks */; };
		E2677B5F1EA43B4900210B7A /* GameScene.m in Sources */ = {isa = PBXBuildFile; fileRef = E2677B5E1EA43B4900210B7A /* GameScene.m */; };
		E2677B621EA43B4900210B7A /* GameViewController.m in Sources */ = {isa = PBXBuildFile; fileRef = E2677B611EA43B4900210B7A /* GameViewController.m */; };
		E2677B651EA43B4900210B7A /* Main.storyboard in Resources */ = {isa = PBXBuildFile; fileRef = E2677B631EA43B4900210B7A /* Main.storyboard */; };
		E2677B671EA43B4900210B7A /* Assets.xcassets in Resources */ = {isa = PBXBuildFile; fileRef = E2677B661EA43B4900210B7A /* Assets.xcassets */; };
		E2677B6A1EA43B4900210B7A /* LaunchScreen.storyboard in Resources */ = {isa = PBXBuildFile; fileRef = E2677B681EA43B4900210B7A /* LaunchScreen.storyboard */; };
/* End PBXBuildFile section */

/* Begin PBXFileReference section */
		E2677B501EA43B4900210B7A /* p06-moshier.app */ = {isa = PBXFileReference; explicitFileType = wrapper.application; includeInIndex = 0; path = "p06-moshier.app"; sourceTree = BUILT_PRODUCTS_DIR; };
		E2677B541EA43B4900210B7A /* main.m */ = {isa = PBXFileReference; lastKnownFileType = sourcecode.c.objc; path = main.m; sourceTree = "<group>"; };
		E2677B561EA43B4900210B7A /* AppDelegate.h */ = {isa = PBXFileReference; lastKnownFileType = sourcecode.c.h; path = AppDelegate.h; sourceTree = "<group>"; };
		E2677B571EA43B4900210B7A /* AppDelegate.m */ = {isa = PBXFileReference; lastKnownFileType = sourcecode.c.objc; path = AppDelegate.m; sourceTree = "<group>"; };
		E2677B591EA43B4900210B7A /* GameScene.sks */ = {isa = PBXFileReference; lastKnownFileType = file.sks; path = GameScene.sks; sourceTree = "<group>"; };
		E2677B5B1EA43B4900210B7A /* Actions.sks */ = {isa = PBXFileReference; lastKnownFileType = file.sks; path = Actions.sks; sourceTree = "<group>"; };
		E2677B5D1EA43B4900210B7A /* GameScene.h */ = {isa = PBXFileReference; lastKnownFileType = sourcecode.c.h; path = GameScene.h; sourceTree = "<group>"; };
		E2677B5E1EA43B4900210B7A /* GameScene.m */ = {isa = PBXFileReference; lastKnownFileType = sourcecode.c.objc; path = GameScene.m; sourceTree = "<group>"; };
		E2677B601EA43B4900210B7A /* GameViewController.h */ = {isa = PBXFileReference; lastKnownFileType = sourcecode.c.h; path = GameViewController.h; sourceTree = "<group>"; };
		E2677B611EA43B4900210B7A /* GameViewController.m */ = {isa = PBXFileReference; lastKnownFileType = sourcecode.c.objc; path = GameViewController.m; sourceTree = "<group>"; };
		E2677B641EA43B4900210B7A /* Base */ = {isa = PBXFileReference; lastKnownFileType = file.storyboard; name = Base; path = Base.lproj/Main.storyboard; sourceTree = "<group>"; };
		E2677B661EA43B4900210B7A /* Assets.xcassets */ = {isa = PBXFileReference; lastKnownFileType = folder.assetcatalog; path = Assets.xcassets; sourceTree = "<group>"; };
		E2677B691EA43B4900210B7A /* Base */ = {isa = PBXFileReference; lastKnownFileType = file.storyboard; name = Base; path = Base.lproj/LaunchScreen.storyboard; sourceTree = "<group>"; };
		E2677B6B1EA43B4900210B7A /* Info.plist */ = {isa = PBXFileReference; lastKnownFileType = text.plist.xml; path = Info.plist; sourceTree = "<group>"; };
/* End PBXFileReference section */

/* Begin PBXFrameworksBuildPhase section */
		E2677B4D1EA43B4900210B7A /* Frameworks */ = {
			isa = PBXFrameworksBuildPhase;
			buildActionMask = 2147483647;
			files = (
			);
			runOnlyForDeploymentPostprocessing = 0;
		};
/* End PBXFrameworksBuildPhase section */

/* Begin PBXGroup section */
		E2677B471EA43B4900210B7A = {
			isa = PBXGroup;
			children = (
				E2677B521EA43B4900210B7A /* p06-moshier */,
				E2677B511EA43B4900210B7A /* Products */,
			);
			sourceTree = "<group>";
		};
		E2677B511EA43B4900210B7A /* Products */ = {
			isa = PBXGroup;
			children = (
				E2677B501EA43B4900210B7A /* p06-moshier.app */,
			);
			name = Products;
			sourceTree = "<group>";
		};
		E2677B521EA43B4900210B7A /* p06-moshier */ = {
			isa = PBXGroup;
			children = (
				E2677B561EA43B4900210B7A /* AppDelegate.h */,
				E2677B571EA43B4900210B7A /* AppDelegate.m */,
				E2677B591EA43B4900210B7A /* GameScene.sks */,
				E2677B5B1EA43B4900210B7A /* Actions.sks */,
				E2677B5D1EA43B4900210B7A /* GameScene.h */,
				E2677B5E1EA43B4900210B7A /* GameScene.m */,
				E2677B601EA43B4900210B7A /* GameViewController.h */,
				E2677B611EA43B4900210B7A /* GameViewController.m */,
				E2677B631EA43B4900210B7A /* Main.storyboard */,
				E2677B661EA43B4900210B7A /* Assets.xcassets */,
				E2677B681EA43B4900210B7A /* LaunchScreen.storyboard */,
				E2677B6B1EA43B4900210B7A /* Info.plist */,
				E2677B531EA43B4900210B7A /* Supporting Files */,
			);
			path = "p06-moshier";
			sourceTree = "<group>";
		};
		E2677B531EA43B4900210B7A /* Supporting Files */ = {
			isa = PBXGroup;
			children = (
				E2677B541EA43B4900210B7A /* main.m */,
			);
			name = "Supporting Files";
			sourceTree = "<group>";
		};
/* End PBXGroup section */

/* Begin PBXNativeTarget section */
		E2677B4F1EA43B4900210B7A /* p06-moshier */ = {
			isa = PBXNativeTarget;
			buildConfigurationList = E2677B6E1EA43B4900210B7A /* Build configuration list for PBXNativeTarget "p06-moshier" */;
			buildPhases = (
				E2677B4C1EA43B4900210B7A /* Sources */,
				E2677B4D1EA43B4900210B7A /* Frameworks */,
				E2677B4E1EA43B4900210B7A /* Resources */,
			);
			buildRules = (
			);
			dependencies = (
			);
			name = "p06-moshier";
			productName = "p06-moshier";
			productReference = E2677B501EA43B4900210B7A /* p06-moshier.app */;
			productType = "com.apple.product-type.application";
		};
/* End PBXNativeTarget section */

/* Begin PBXProject section */
		E2677B481EA43B4900210B7A /* Project object */ = {
			isa = PBXProject;
			attributes = {
				LastUpgradeCheck = 0830;
				ORGANIZATIONNAME = "Tom Moshier";
				TargetAttributes = {
					E2677B4F1EA43B4900210B7A = {
						CreatedOnToolsVersion = 8.3.1;
						DevelopmentTeam = CDHF98YNN5;
						ProvisioningStyle = Automatic;
					};
				};
			};
			buildConfigurationList = E2677B4B1EA43B4900210B7A /* Build configuration list for PBXProject "p06-moshier" */;
			compatibilityVersion = "Xcode 3.2";
			developmentRegion = English;
			hasScannedForEncodings = 0;
			knownRegions = (
				en,
				Base,
			);
			mainGroup = E2677B471EA43B4900210B7A;
			productRefGroup = E2677B511EA43B4900210B7A /* Products */;
			projectDirPath = "";
			projectRoot = "";
			targets = (
				E2677B4F1EA43B4900210B7A /* p06-moshier */,
			);
		};
/* End PBXProject section */

/* Begin PBXResourcesBuildPhase section */
		E2677B4E1EA43B4900210B7A /* Resources */ = {
			isa = PBXResourcesBuildPhase;
			buildActionMask = 2147483647;
			files = (
				E2677B651EA43B4900210B7A /* Main.storyboard in Resources */,
				E2677B5A1EA43B4900210B7A /* GameScene.sks in Resources */,
				E2677B671EA43B4900210B7A /* Assets.xcassets in Resources */,
				E2677B6A1EA43B4900210B7A /* LaunchScreen.storyboard in Resources */,
				E2677B5C1EA43B4900210B7A /* Actions.sks in Resources */,
			);
			runOnlyForDeploymentPostprocessing = 0;
		};
/* End PBXResourcesBuildPhase section */

/* Begin PBXSourcesBuildPhase section */
		E2677B4C1EA43B4900210B7A /* Sources */ = {
			isa = PBXSourcesBuildPhase;
			buildActionMask = 2147483647;
			files = (
				E2677B621EA43B4900210B7A /* GameViewController.m in Sources */,
				E2677B581EA43B4900210B7A /* AppDelegate.m in Sources */,
				E2677B5F1EA43B4900210B7A /* GameScene.m in Sources */,
				E2677B551EA43B4900210B7A /* main.m in Sources */,
			);
			runOnlyForDeploymentPostprocessing = 0;
		};
/* End PBXSourcesBuildPhase section */

/* Begin PBXVariantGroup section */
		E2677B631EA43B4900210B7A /* Main.storyboard */ = {
			isa = PBXVariantGroup;
			children = (
				E2677B641EA43B4900210B7A /* Base */,
			);
			name = Main.storyboard;
			sourceTree = "<group>";
		};
		E2677B681EA43B4900210B7A /* LaunchScreen.storyboard */ = {
			isa = PBXVariantGroup;
			children = (
				E2677B691EA43B4900210B7A /* Base */,
			);
			name = LaunchScreen.storyboard;
			sourceTree = "<group>";
		};
/* End PBXVariantGroup section */

/* Begin XCBuildConfiguration section */
		E2677B6C1EA43B4900210B7A /* Debug */ = {
			isa = XCBuildConfiguration;
			buildSettings = {
				ALWAYS_SEARCH_USER_PATHS = NO;
				CLANG_ANALYZER_NONNULL = YES;
				CLANG_ANALYZER_NUMBER_OBJECT_CONVERSION = YES_AGGRESSIVE;
				CLANG_CXX_LANGUAGE_STANDARD = "gnu++0x";
				CLANG_CXX_LIBRARY = "libc++";
				CLANG_ENABLE_MODULES = YES;
				CLANG_ENABLE_OBJC_ARC = YES;
				CLANG_WARN_BOOL_CONVERSION = YES;
				CLANG_WARN_CONSTANT_CONVERSION = YES;
				CLANG_WARN_DIRECT_OBJC_ISA_USAGE = YES_ERROR;
				CLANG_WARN_DOCUMENTATION_COMMENTS = YES;
				CLANG_WARN_EMPTY_BODY = YES;
				CLANG_WARN_ENUM_CONVERSION = YES;
				CLANG_WARN_INFINITE_RECURSION = YES;
				CLANG_WARN_INT_CONVERSION = YES;
				CLANG_WARN_OBJC_ROOT_CLASS = YES_ERROR;
				CLANG_WARN_SUSPICIOUS_MOVE = YES;
				CLANG_WARN_UNREACHABLE_CODE = YES;
				CLANG_WARN__DUPLICATE_METHOD_MATCH = YES;
				"CODE_SIGN_IDENTITY[sdk=iphoneos*]" = "iPhone Developer";
				COPY_PHASE_STRIP = NO;
				DEBUG_INFORMATION_FORMAT = dwarf;
				ENABLE_STRICT_OBJC_MSGSEND = YES;
				ENABLE_TESTABILITY = YES;
				GCC_C_LANGUAGE_STANDARD = gnu99;
				GCC_DYNAMIC_NO_PIC = NO;
				GCC_NO_COMMON_BLOCKS = YES;
				GCC_OPTIMIZATION_LEVEL = 0;
				GCC_PREPROCESSOR_DEFINITIONS = (
					"DEBUG=1",
					"$(inherited)",
				);
				GCC_WARN_64_TO_32_BIT_CONVERSION = YES;
				GCC_WARN_ABOUT_RETURN_TYPE = YES_ERROR;
				GCC_WARN_UNDECLARED_SELECTOR = YES;
				GCC_WARN_UNINITIALIZED_AUTOS = YES_AGGRESSIVE;
				GCC_WARN_UNUSED_FUNCTION = YES;
				GCC_WARN_UNUSED_VARIABLE = YES;
				IPHONEOS_DEPLOYMENT_TARGET = 10.3;
				MTL_ENABLE_DEBUG_INFO = YES;
				ONLY_ACTIVE_ARCH = YES;
				SDKROOT = iphoneos;
			};
			name = Debug;
		};
		E2677B6D1EA43B4900210B7A /* Release */ = {
			isa = XCBuildConfiguration;
			buildSettings = {
				ALWAYS_SEARCH_USER_PATHS = NO;
				CLANG_ANALYZER_NONNULL = YES;
				CLANG_ANALYZER_NUMBER_OBJECT_CONVERSION = YES_AGGRESSIVE;
				CLANG_CXX_LANGUAGE_STANDARD = "gnu++0x";
				CLANG_CXX_LIBRARY = "libc++";
				CLANG_ENABLE_MODULES = YES;
				CLANG_ENABLE_OBJC_ARC = YES;
				CLANG_WARN_BOOL_CONVERSION = YES;
				CLANG_WARN_CONSTANT_CONVERSION = YES;
				CLANG_WARN_DIRECT_OBJC_ISA_USAGE = YES_ERROR;
				CLANG_WARN_DOCUMENTATION_COMMENTS = YES;
				CLANG_WARN_EMPTY_BODY = YES;
				CLANG_WARN_ENUM_CONVERSION = YES;
				CLANG_WARN_INFINITE_RECURSION = YES;
				CLANG_WARN_INT_CONVERSION = YES;
				CLANG_WARN_OBJC_ROOT_CLASS = YES_ERROR;
				CLANG_WARN_SUSPICIOUS_MOVE = YES;
				CLANG_WARN_UNREACHABLE_CODE = YES;
				CLANG_WARN__DUPLICATE_METHOD_MATCH = YES;
				"CODE_SIGN_IDENTITY[sdk=iphoneos*]" = "iPhone Developer";
				COPY_PHASE_STRIP = NO;
				DEBUG_INFORMATION_FORMAT = "dwarf-with-dsym";
				ENABLE_NS_ASSERTIONS = NO;
				ENABLE_STRICT_OBJC_MSGSEND = YES;
				GCC_C_LANGUAGE_STANDARD = gnu99;
				GCC_NO_COMMON_BLOCKS = YES;
				GCC_WARN_64_TO_32_BIT_CONVERSION = YES;
				GCC_WARN_ABOUT_RETURN_TYPE = YES_ERROR;
				GCC_WARN_UNDECLARED_SELECTOR = YES;
				GCC_WARN_UNINITIALIZED_AUTOS = YES_AGGRESSIVE;
				GCC_WARN_UNUSED_FUNCTION = YES;
				GCC_WARN_UNUSED_VARIABLE = YES;
				IPHONEOS_DEPLOYMENT_TARGET = 10.3;
				MTL_ENABLE_DEBUG_INFO = NO;
				SDKROOT = iphoneos;
				VALIDATE_PRODUCT = YES;
			};
			name = Release;
		};
		E2677B6F1EA43B4900210B7A /* Debug */ = {
			isa = XCBuildConfiguration;
			buildSettings = {
				ASSETCATALOG_COMPILER_APPICON_NAME = AppIcon;
				DEVELOPMENT_TEAM = CDHF98YNN5;
				INFOPLIST_FILE = "p06-moshier/Info.plist";
				IPHONEOS_DEPLOYMENT_TARGET = 10.1;
				LD_RUNPATH_SEARCH_PATHS = "$(inherited) @executable_path/Frameworks";
				PRODUCT_BUNDLE_IDENTIFIER = "tommoshier.p06-moshier";
				PRODUCT_NAME = "$(TARGET_NAME)";
			};
			name = Debug;
		};
		E2677B701EA43B4900210B7A /* Release */ = {
			isa = XCBuildConfiguration;
			buildSettings = {
				ASSETCATALOG_COMPILER_APPICON_NAME = AppIcon;
				DEVELOPMENT_TEAM = CDHF98YNN5;
				INFOPLIST_FILE = "p06-moshier/Info.plist";
				IPHONEOS_DEPLOYMENT_TARGET = 10.1;
				LD_RUNPATH_SEARCH_PATHS = "$(inherited) @executable_path/Frameworks";
				PRODUCT_BUNDLE_IDENTIFIER = "tommoshier.p06-moshier";
				PRODUCT_NAME = "$(TARGET_NAME)";
			};
			name = Release;
		};
/* End XCBuildConfiguration section */

/* Begin XCConfigurationList section */
		E2677B4B1EA43B4900210B7A /* Build configuration list for PBXProject "p06-moshier" */ = {
			isa = XCConfigurationList;
			buildConfigurations = (
				E2677B6C1EA43B4900210B7A /* Debug */,
				E2677B6D1EA43B4900210B7A /* Release */,
			);
			defaultConfigurationIsVisible = 0;
			defaultConfigurationName = Release;
		};
		E2677B6E1EA43B4900210B7A /* Build configuration list for PBXNativeTarget "p06-moshier" */ = {
			isa = XCConfigurationList;
			buildConfigurations = (
				E2677B6F1EA43B4900210B7A /* Debug */,
				E2677B701EA43B4900210B7A /* Release */,
			);
			defaultConfigurationIsVisible = 0;
			defaultConfigurationName = Release;
		};
/* End XCConfigurationList section */
	};
	rootObject = E2677B481EA43B4900210B7A /* Project object */;
}
